// !$*UTF8*$!
{
	archiveVersion = 1;
	classes = {
	};
	objectVersion = 52;
	objects = {

/* Begin PBXBuildFile section */
		94151ED22469049700CBD2BE /* SettingsView.swift in Sources */ = {isa = PBXBuildFile; fileRef = 94151ED12469049700CBD2BE /* SettingsView.swift */; };
		94151ED42469379E00CBD2BE /* UIKit.swift in Sources */ = {isa = PBXBuildFile; fileRef = 94151ED32469379E00CBD2BE /* UIKit.swift */; };
		9415B3612465349800F76965 /* BackgroundTasks.swift in Sources */ = {isa = PBXBuildFile; fileRef = 9415B3602465349800F76965 /* BackgroundTasks.swift */; };
		942833AA24334A1700A8921E /* WishlistServices in Frameworks */ = {isa = PBXBuildFile; productRef = 942833A924334A1700A8921E /* WishlistServices */; };
		942833AB24334A1700A8921E /* WishlistServices in Embed Frameworks */ = {isa = PBXBuildFile; productRef = 942833A924334A1700A8921E /* WishlistServices */; settings = {ATTRIBUTES = (CodeSignOnCopy, ); }; };
		942833AD24334A2400A8921E /* WishlistServices in Frameworks */ = {isa = PBXBuildFile; productRef = 942833AC24334A2400A8921E /* WishlistServices */; };
		942833AE24334A2400A8921E /* WishlistServices in Embed Frameworks */ = {isa = PBXBuildFile; productRef = 942833AC24334A2400A8921E /* WishlistServices */; };
		9428D40B2431BEC000CBAC1F /* CloudKit.framework in Frameworks */ = {isa = PBXBuildFile; fileRef = 9428D40A2431BEC000CBAC1F /* CloudKit.framework */; };
		9428D40C2431BF4E00CBAC1F /* CloudKit.framework in Frameworks */ = {isa = PBXBuildFile; fileRef = 9428D40A2431BEC000CBAC1F /* CloudKit.framework */; };
		942FC864242E9D7400BF15F4 /* UpdateDateFormatterKey.swift in Sources */ = {isa = PBXBuildFile; fileRef = 942FC863242E9D7400BF15F4 /* UpdateDateFormatterKey.swift */; };
		943047742460FC4900EEDBBF /* ComposableArchitecture in Frameworks */ = {isa = PBXBuildFile; productRef = 943047732460FC4900EEDBBF /* ComposableArchitecture */; };
		943047752460FC4900EEDBBF /* ComposableArchitecture in Embed Frameworks */ = {isa = PBXBuildFile; productRef = 943047732460FC4900EEDBBF /* ComposableArchitecture */; settings = {ATTRIBUTES = (CodeSignOnCopy, ); }; };
		9432BAC024355C20001CCCD9 /* URLDropDelegate.swift in Sources */ = {isa = PBXBuildFile; fileRef = 9432BABF24355C20001CCCD9 /* URLDropDelegate.swift */; };
		943F705A2462328A007425BA /* URLScheme.swift in Sources */ = {isa = PBXBuildFile; fileRef = 943F70592462328A007425BA /* URLScheme.swift */; };
		94555EEE2433ED4C00223AD2 /* DataModel.xcdatamodeld in Sources */ = {isa = PBXBuildFile; fileRef = 94555EEC2433ED4C00223AD2 /* DataModel.xcdatamodeld */; };
		945B44BC232CC42E00A3B573 /* ActivityView.swift in Sources */ = {isa = PBXBuildFile; fileRef = 945B44BB232CC42E00A3B573 /* ActivityView.swift */; };
		945B44C5232CCD8F00A3B573 /* AppDetailsView.swift in Sources */ = {isa = PBXBuildFile; fileRef = 945B44C4232CCD8F00A3B573 /* AppDetailsView.swift */; };
		945CB46123530B5E00DF3ABF /* UserDefaults in Frameworks */ = {isa = PBXBuildFile; productRef = 945CB46023530B5E00DF3ABF /* UserDefaults */; };
		945CCA56243172DE000B7586 /* URLItemProvider.swift in Sources */ = {isa = PBXBuildFile; fileRef = 945CCA55243172DE000B7586 /* URLItemProvider.swift */; };
		946017A1243D99E00065E384 /* WishlistData in Frameworks */ = {isa = PBXBuildFile; productRef = 946017A0243D99E00065E384 /* WishlistData */; };
		946017A2243D99E00065E384 /* WishlistData in Embed Frameworks */ = {isa = PBXBuildFile; productRef = 946017A0243D99E00065E384 /* WishlistData */; };
		94629D37244682070072C271 /* DeviceVisibilityModifier.swift in Sources */ = {isa = PBXBuildFile; fileRef = 94629D36244682070072C271 /* DeviceVisibilityModifier.swift */; };
		94629D3A24468B890072C271 /* SDWebImageSwiftUI in Frameworks */ = {isa = PBXBuildFile; productRef = 94629D3924468B890072C271 /* SDWebImageSwiftUI */; };
		9486FAB5243066AC00EE2334 /* Dictionary.swift in Sources */ = {isa = PBXBuildFile; fileRef = 9486FAB4243066AC00EE2334 /* Dictionary.swift */; };
		948890C224304D3000E3E5FA /* AppDetailsDelegate.swift in Sources */ = {isa = PBXBuildFile; fileRef = 948890C124304D3000E3E5FA /* AppDetailsDelegate.swift */; };
		948890C424304DDB00E3E5FA /* ActivityIdentifier.swift in Sources */ = {isa = PBXBuildFile; fileRef = 948890C324304DDB00E3E5FA /* ActivityIdentifier.swift */; };
		948890C624304E0500E3E5FA /* SceneConfigurationNames.swift in Sources */ = {isa = PBXBuildFile; fileRef = 948890C524304E0500E3E5FA /* SceneConfigurationNames.swift */; };
		9489E4DC242D6EAC00C396AD /* AppIcon.swift in Sources */ = {isa = PBXBuildFile; fileRef = 9489E4DB242D6EAC00C396AD /* AppIcon.swift */; };
		9494DA0C24319285003A7992 /* Media.xcassets in Resources */ = {isa = PBXBuildFile; fileRef = 9494DA0B24319285003A7992 /* Media.xcassets */; };
		9494DA0E24319285003A7992 /* ActionViewController.swift in Sources */ = {isa = PBXBuildFile; fileRef = 9494DA0D24319285003A7992 /* ActionViewController.swift */; };
		9494DA1124319285003A7992 /* MainInterface.storyboard in Resources */ = {isa = PBXBuildFile; fileRef = 9494DA0F24319285003A7992 /* MainInterface.storyboard */; };
		9494DA1524319285003A7992 /* Add to Wishlist.appex in Embed App Extensions */ = {isa = PBXBuildFile; fileRef = 9494DA0924319285003A7992 /* Add to Wishlist.appex */; settings = {ATTRIBUTES = (RemoveHeadersOnCopy, ); }; };
		949C700E2434644900009960 /* DataModel.xcdatamodeld in Sources */ = {isa = PBXBuildFile; fileRef = 94555EEC2433ED4C00223AD2 /* DataModel.xcdatamodeld */; };
		94B015E8243D90DB00BB4E7C /* WishlistFoundation in Frameworks */ = {isa = PBXBuildFile; productRef = 94B015E7243D90DB00BB4E7C /* WishlistFoundation */; };
		94B015E9243D90DB00BB4E7C /* WishlistFoundation in Embed Frameworks */ = {isa = PBXBuildFile; productRef = 94B015E7243D90DB00BB4E7C /* WishlistFoundation */; };
		94B015EB243D90E800BB4E7C /* WishlistData in Frameworks */ = {isa = PBXBuildFile; productRef = 94B015EA243D90E800BB4E7C /* WishlistData */; };
		94B015EC243D90E800BB4E7C /* WishlistData in Embed Frameworks */ = {isa = PBXBuildFile; productRef = 94B015EA243D90E800BB4E7C /* WishlistData */; settings = {ATTRIBUTES = (CodeSignOnCopy, ); }; };
		94B015EE243D90E800BB4E7C /* WishlistFoundation in Frameworks */ = {isa = PBXBuildFile; productRef = 94B015ED243D90E800BB4E7C /* WishlistFoundation */; };
		94B015EF243D90E800BB4E7C /* WishlistFoundation in Embed Frameworks */ = {isa = PBXBuildFile; productRef = 94B015ED243D90E800BB4E7C /* WishlistFoundation */; settings = {ATTRIBUTES = (CodeSignOnCopy, ); }; };
		94B79B7C2466BDC0005E5066 /* AppUpdateHandling.swift in Sources */ = {isa = PBXBuildFile; fileRef = 94B79B7B2466BDC0005E5066 /* AppUpdateHandling.swift */; };
		94B79B7E2466BE94005E5066 /* ComposableArchitecture.swift in Sources */ = {isa = PBXBuildFile; fileRef = 94B79B7D2466BE94005E5066 /* ComposableArchitecture.swift */; };
		94C28BE3246526320013B41F /* URLSchemeHandling.swift in Sources */ = {isa = PBXBuildFile; fileRef = 94C28BE2246526320013B41F /* URLSchemeHandling.swift */; };
		94C7B1532330F13F008181D1 /* SettingsStore.swift in Sources */ = {isa = PBXBuildFile; fileRef = 94C7B1522330F13F008181D1 /* SettingsStore.swift */; };
		94C8D0852435756300D9C077 /* UTI.swift in Sources */ = {isa = PBXBuildFile; fileRef = 94C8D0842435756300D9C077 /* UTI.swift */; };
		94C8D0892435F1B200D9C077 /* UserDefaults in Embed Frameworks */ = {isa = PBXBuildFile; productRef = 945CB46023530B5E00DF3ABF /* UserDefaults */; settings = {ATTRIBUTES = (CodeSignOnCopy, ); }; };
		94EE92C92467D3C8001E3155 /* AddApps.swift in Sources */ = {isa = PBXBuildFile; fileRef = 94EE92C82467D3C8001E3155 /* AddApps.swift */; };
		94FA20CF231BA2BC00EC1190 /* AppDelegate.swift in Sources */ = {isa = PBXBuildFile; fileRef = 94FA20CE231BA2BC00EC1190 /* AppDelegate.swift */; };
		94FA20D1231BA2BC00EC1190 /* SceneDelegate.swift in Sources */ = {isa = PBXBuildFile; fileRef = 94FA20D0231BA2BC00EC1190 /* SceneDelegate.swift */; };
		94FA20D3231BA2BC00EC1190 /* AppListView.swift in Sources */ = {isa = PBXBuildFile; fileRef = 94FA20D2231BA2BC00EC1190 /* AppListView.swift */; };
		94FA20D5231BA2BD00EC1190 /* Assets.xcassets in Resources */ = {isa = PBXBuildFile; fileRef = 94FA20D4231BA2BD00EC1190 /* Assets.xcassets */; };
		94FA20D8231BA2BD00EC1190 /* Preview Assets.xcassets in Resources */ = {isa = PBXBuildFile; fileRef = 94FA20D7231BA2BD00EC1190 /* Preview Assets.xcassets */; };
		94FA20DB231BA2BD00EC1190 /* LaunchScreen.storyboard in Resources */ = {isa = PBXBuildFile; fileRef = 94FA20D9231BA2BD00EC1190 /* LaunchScreen.storyboard */; };
/* End PBXBuildFile section */

/* Begin PBXContainerItemProxy section */
		9494DA1324319285003A7992 /* PBXContainerItemProxy */ = {
			isa = PBXContainerItemProxy;
			containerPortal = 94FA20C3231BA2BC00EC1190 /* Project object */;
			proxyType = 1;
			remoteGlobalIDString = 9494DA0824319285003A7992;
			remoteInfo = ActionExtension;
		};
/* End PBXContainerItemProxy section */

/* Begin PBXCopyFilesBuildPhase section */
		94637EAA24319B35005EF584 /* Embed Frameworks */ = {
			isa = PBXCopyFilesBuildPhase;
			buildActionMask = 2147483647;
			dstPath = "";
			dstSubfolderSpec = 10;
			files = (
				946017A2243D99E00065E384 /* WishlistData in Embed Frameworks */,
				942833AE24334A2400A8921E /* WishlistServices in Embed Frameworks */,
				94B015E9243D90DB00BB4E7C /* WishlistFoundation in Embed Frameworks */,
			);
			name = "Embed Frameworks";
			runOnlyForDeploymentPostprocessing = 0;
		};
		94637EAF24319B73005EF584 /* Embed Frameworks */ = {
			isa = PBXCopyFilesBuildPhase;
			buildActionMask = 2147483647;
			dstPath = "";
			dstSubfolderSpec = 10;
			files = (
				943047752460FC4900EEDBBF /* ComposableArchitecture in Embed Frameworks */,
				94B015EF243D90E800BB4E7C /* WishlistFoundation in Embed Frameworks */,
				94B015EC243D90E800BB4E7C /* WishlistData in Embed Frameworks */,
				94C8D0892435F1B200D9C077 /* UserDefaults in Embed Frameworks */,
				942833AB24334A1700A8921E /* WishlistServices in Embed Frameworks */,
			);
			name = "Embed Frameworks";
			runOnlyForDeploymentPostprocessing = 0;
		};
		9494DA1924319285003A7992 /* Embed App Extensions */ = {
			isa = PBXCopyFilesBuildPhase;
			buildActionMask = 2147483647;
			dstPath = "";
			dstSubfolderSpec = 13;
			files = (
				9494DA1524319285003A7992 /* Add to Wishlist.appex in Embed App Extensions */,
			);
			name = "Embed App Extensions";
			runOnlyForDeploymentPostprocessing = 0;
		};
/* End PBXCopyFilesBuildPhase section */

/* Begin PBXFileReference section */
		94151ED12469049700CBD2BE /* SettingsView.swift */ = {isa = PBXFileReference; lastKnownFileType = sourcecode.swift; path = SettingsView.swift; sourceTree = "<group>"; };
		94151ED32469379E00CBD2BE /* UIKit.swift */ = {isa = PBXFileReference; lastKnownFileType = sourcecode.swift; path = UIKit.swift; sourceTree = "<group>"; };
		9415B3602465349800F76965 /* BackgroundTasks.swift */ = {isa = PBXFileReference; lastKnownFileType = sourcecode.swift; path = BackgroundTasks.swift; sourceTree = "<group>"; };
		94173E48243D5D9400984DED /* WishlistData */ = {isa = PBXFileReference; lastKnownFileType = folder; path = WishlistData; sourceTree = "<group>"; };
		942833A8243348FF00A8921E /* WishlistServices */ = {isa = PBXFileReference; lastKnownFileType = folder; path = WishlistServices; sourceTree = "<group>"; };
		9428D40A2431BEC000CBAC1F /* CloudKit.framework */ = {isa = PBXFileReference; lastKnownFileType = wrapper.framework; name = CloudKit.framework; path = System/Library/Frameworks/CloudKit.framework; sourceTree = SDKROOT; };
		942FC863242E9D7400BF15F4 /* UpdateDateFormatterKey.swift */ = {isa = PBXFileReference; lastKnownFileType = sourcecode.swift; path = UpdateDateFormatterKey.swift; sourceTree = "<group>"; };
		9432BABF24355C20001CCCD9 /* URLDropDelegate.swift */ = {isa = PBXFileReference; lastKnownFileType = sourcecode.swift; path = URLDropDelegate.swift; sourceTree = "<group>"; };
		943F70592462328A007425BA /* URLScheme.swift */ = {isa = PBXFileReference; lastKnownFileType = sourcecode.swift; path = URLScheme.swift; sourceTree = "<group>"; };
		94555EED2433ED4C00223AD2 /* DataModel.xcdatamodel */ = {isa = PBXFileReference; lastKnownFileType = wrapper.xcdatamodel; path = DataModel.xcdatamodel; sourceTree = "<group>"; };
		945B44BB232CC42E00A3B573 /* ActivityView.swift */ = {isa = PBXFileReference; lastKnownFileType = sourcecode.swift; path = ActivityView.swift; sourceTree = "<group>"; };
		945B44C4232CCD8F00A3B573 /* AppDetailsView.swift */ = {isa = PBXFileReference; lastKnownFileType = sourcecode.swift; path = AppDetailsView.swift; sourceTree = "<group>"; };
		945CB45E23530B2F00DF3ABF /* UserDefaults */ = {isa = PBXFileReference; lastKnownFileType = folder; path = UserDefaults; sourceTree = "<group>"; };
		945CCA55243172DE000B7586 /* URLItemProvider.swift */ = {isa = PBXFileReference; lastKnownFileType = sourcecode.swift; path = URLItemProvider.swift; sourceTree = "<group>"; };
		94629D36244682070072C271 /* DeviceVisibilityModifier.swift */ = {isa = PBXFileReference; lastKnownFileType = sourcecode.swift; path = DeviceVisibilityModifier.swift; sourceTree = "<group>"; };
		94637EB02431A211005EF584 /* Wishlist.entitlements */ = {isa = PBXFileReference; lastKnownFileType = text.plist.entitlements; path = Wishlist.entitlements; sourceTree = "<group>"; };
		94637EB12431A33C005EF584 /* Add to Wishlist.entitlements */ = {isa = PBXFileReference; lastKnownFileType = text.plist.entitlements; path = "Add to Wishlist.entitlements"; sourceTree = "<group>"; };
		9486FAB4243066AC00EE2334 /* Dictionary.swift */ = {isa = PBXFileReference; lastKnownFileType = sourcecode.swift; path = Dictionary.swift; sourceTree = "<group>"; };
		948890C124304D3000E3E5FA /* AppDetailsDelegate.swift */ = {isa = PBXFileReference; lastKnownFileType = sourcecode.swift; path = AppDetailsDelegate.swift; sourceTree = "<group>"; };
		948890C324304DDB00E3E5FA /* ActivityIdentifier.swift */ = {isa = PBXFileReference; lastKnownFileType = sourcecode.swift; path = ActivityIdentifier.swift; sourceTree = "<group>"; };
		948890C524304E0500E3E5FA /* SceneConfigurationNames.swift */ = {isa = PBXFileReference; lastKnownFileType = sourcecode.swift; path = SceneConfigurationNames.swift; sourceTree = "<group>"; };
		9489E4DB242D6EAC00C396AD /* AppIcon.swift */ = {isa = PBXFileReference; lastKnownFileType = sourcecode.swift; path = AppIcon.swift; sourceTree = "<group>"; };
		9494DA0924319285003A7992 /* Add to Wishlist.appex */ = {isa = PBXFileReference; explicitFileType = "wrapper.app-extension"; includeInIndex = 0; path = "Add to Wishlist.appex"; sourceTree = BUILT_PRODUCTS_DIR; };
		9494DA0B24319285003A7992 /* Media.xcassets */ = {isa = PBXFileReference; lastKnownFileType = folder.assetcatalog; path = Media.xcassets; sourceTree = "<group>"; };
		9494DA0D24319285003A7992 /* ActionViewController.swift */ = {isa = PBXFileReference; lastKnownFileType = sourcecode.swift; path = ActionViewController.swift; sourceTree = "<group>"; };
		9494DA1024319285003A7992 /* Base */ = {isa = PBXFileReference; lastKnownFileType = file.storyboard; name = Base; path = Base.lproj/MainInterface.storyboard; sourceTree = "<group>"; };
		9494DA1224319285003A7992 /* Info.plist */ = {isa = PBXFileReference; lastKnownFileType = text.plist.xml; path = Info.plist; sourceTree = "<group>"; };
		94B015E3243D6C6F00BB4E7C /* WishlistFoundation */ = {isa = PBXFileReference; lastKnownFileType = folder; path = WishlistFoundation; sourceTree = "<group>"; };
		94B79B7B2466BDC0005E5066 /* AppUpdateHandling.swift */ = {isa = PBXFileReference; lastKnownFileType = sourcecode.swift; path = AppUpdateHandling.swift; sourceTree = "<group>"; };
		94B79B7D2466BE94005E5066 /* ComposableArchitecture.swift */ = {isa = PBXFileReference; lastKnownFileType = sourcecode.swift; path = ComposableArchitecture.swift; sourceTree = "<group>"; };
		94C28BE2246526320013B41F /* URLSchemeHandling.swift */ = {isa = PBXFileReference; lastKnownFileType = sourcecode.swift; path = URLSchemeHandling.swift; sourceTree = "<group>"; };
		94C7B1522330F13F008181D1 /* SettingsStore.swift */ = {isa = PBXFileReference; lastKnownFileType = sourcecode.swift; path = SettingsStore.swift; sourceTree = "<group>"; };
		94C8D0842435756300D9C077 /* UTI.swift */ = {isa = PBXFileReference; lastKnownFileType = sourcecode.swift; path = UTI.swift; sourceTree = "<group>"; };
		94EE92C82467D3C8001E3155 /* AddApps.swift */ = {isa = PBXFileReference; lastKnownFileType = sourcecode.swift; path = AddApps.swift; sourceTree = "<group>"; };
		94FA20CB231BA2BC00EC1190 /* Wishlist.app */ = {isa = PBXFileReference; explicitFileType = wrapper.application; includeInIndex = 0; path = Wishlist.app; sourceTree = BUILT_PRODUCTS_DIR; };
		94FA20CE231BA2BC00EC1190 /* AppDelegate.swift */ = {isa = PBXFileReference; lastKnownFileType = sourcecode.swift; path = AppDelegate.swift; sourceTree = "<group>"; };
		94FA20D0231BA2BC00EC1190 /* SceneDelegate.swift */ = {isa = PBXFileReference; lastKnownFileType = sourcecode.swift; path = SceneDelegate.swift; sourceTree = "<group>"; };
		94FA20D2231BA2BC00EC1190 /* AppListView.swift */ = {isa = PBXFileReference; lastKnownFileType = sourcecode.swift; path = AppListView.swift; sourceTree = "<group>"; };
		94FA20D4231BA2BD00EC1190 /* Assets.xcassets */ = {isa = PBXFileReference; lastKnownFileType = folder.assetcatalog; path = Assets.xcassets; sourceTree = "<group>"; };
		94FA20D7231BA2BD00EC1190 /* Preview Assets.xcassets */ = {isa = PBXFileReference; lastKnownFileType = folder.assetcatalog; path = "Preview Assets.xcassets"; sourceTree = "<group>"; };
		94FA20DA231BA2BD00EC1190 /* Base */ = {isa = PBXFileReference; lastKnownFileType = file.storyboard; name = Base; path = Base.lproj/LaunchScreen.storyboard; sourceTree = "<group>"; };
		94FA20DC231BA2BD00EC1190 /* Info.plist */ = {isa = PBXFileReference; lastKnownFileType = text.plist.xml; path = Info.plist; sourceTree = "<group>"; };
/* End PBXFileReference section */

/* Begin PBXFrameworksBuildPhase section */
		9494DA0624319285003A7992 /* Frameworks */ = {
			isa = PBXFrameworksBuildPhase;
			buildActionMask = 2147483647;
			files = (
				94B015E8243D90DB00BB4E7C /* WishlistFoundation in Frameworks */,
				946017A1243D99E00065E384 /* WishlistData in Frameworks */,
				942833AD24334A2400A8921E /* WishlistServices in Frameworks */,
				9428D40C2431BF4E00CBAC1F /* CloudKit.framework in Frameworks */,
			);
			runOnlyForDeploymentPostprocessing = 0;
		};
		94FA20C8231BA2BC00EC1190 /* Frameworks */ = {
			isa = PBXFrameworksBuildPhase;
			buildActionMask = 2147483647;
			files = (
				94629D3A24468B890072C271 /* SDWebImageSwiftUI in Frameworks */,
				9428D40B2431BEC000CBAC1F /* CloudKit.framework in Frameworks */,
				943047742460FC4900EEDBBF /* ComposableArchitecture in Frameworks */,
				94B015EB243D90E800BB4E7C /* WishlistData in Frameworks */,
				94B015EE243D90E800BB4E7C /* WishlistFoundation in Frameworks */,
				942833AA24334A1700A8921E /* WishlistServices in Frameworks */,
				945CB46123530B5E00DF3ABF /* UserDefaults in Frameworks */,
			);
			runOnlyForDeploymentPostprocessing = 0;
		};
/* End PBXFrameworksBuildPhase section */

/* Begin PBXGroup section */
		945B44C1232CCD6B00A3B573 /* Views */ = {
			isa = PBXGroup;
			children = (
				94629D31244681720072C271 /* Modifiers */,
				945B44BB232CC42E00A3B573 /* ActivityView.swift */,
				9489E4DB242D6EAC00C396AD /* AppIcon.swift */,
				942FC863242E9D7400BF15F4 /* UpdateDateFormatterKey.swift */,
			);
			path = Views;
			sourceTree = "<group>";
		};
		945CB45F23530B5E00DF3ABF /* Frameworks */ = {
			isa = PBXGroup;
			children = (
				9428D40A2431BEC000CBAC1F /* CloudKit.framework */,
			);
			name = Frameworks;
			sourceTree = "<group>";
		};
		94629D31244681720072C271 /* Modifiers */ = {
			isa = PBXGroup;
			children = (
				94629D36244682070072C271 /* DeviceVisibilityModifier.swift */,
			);
			path = Modifiers;
			sourceTree = "<group>";
		};
		9486FAB32430669F00EE2334 /* Extensions */ = {
			isa = PBXGroup;
			children = (
				9486FAB4243066AC00EE2334 /* Dictionary.swift */,
				94B79B7D2466BE94005E5066 /* ComposableArchitecture.swift */,
				94151ED32469379E00CBD2BE /* UIKit.swift */,
			);
			path = Extensions;
			sourceTree = "<group>";
		};
		948890C024304D1A00E3E5FA /* Scenes */ = {
			isa = PBXGroup;
			children = (
				948890C524304E0500E3E5FA /* SceneConfigurationNames.swift */,
				948890C324304DDB00E3E5FA /* ActivityIdentifier.swift */,
				94FA20D0231BA2BC00EC1190 /* SceneDelegate.swift */,
				948890C124304D3000E3E5FA /* AppDetailsDelegate.swift */,
			);
			path = Scenes;
			sourceTree = "<group>";
		};
		94930CF8232CD47700AE81BC /* Models */ = {
			isa = PBXGroup;
			children = (
				94C8D0842435756300D9C077 /* UTI.swift */,
				9432BABF24355C20001CCCD9 /* URLDropDelegate.swift */,
				945CCA55243172DE000B7586 /* URLItemProvider.swift */,
				943F70592462328A007425BA /* URLScheme.swift */,
			);
			path = Models;
			sourceTree = "<group>";
		};
		9494DA042431916C003A7992 /* Stores */ = {
			isa = PBXGroup;
			children = (
				94C7B1522330F13F008181D1 /* SettingsStore.swift */,
			);
			path = Stores;
			sourceTree = "<group>";
		};
		9494DA0A24319285003A7992 /* ActionExtension */ = {
			isa = PBXGroup;
			children = (
				9494DA0B24319285003A7992 /* Media.xcassets */,
				9494DA0D24319285003A7992 /* ActionViewController.swift */,
				9494DA0F24319285003A7992 /* MainInterface.storyboard */,
				9494DA1224319285003A7992 /* Info.plist */,
				94637EB12431A33C005EF584 /* Add to Wishlist.entitlements */,
			);
			path = ActionExtension;
			sourceTree = "<group>";
		};
		94C28BE1246526260013B41F /* Features */ = {
			isa = PBXGroup;
			children = (
				94FA20D2231BA2BC00EC1190 /* AppListView.swift */,
				945B44C4232CCD8F00A3B573 /* AppDetailsView.swift */,
				94151ED12469049700CBD2BE /* SettingsView.swift */,
				9415B3602465349800F76965 /* BackgroundTasks.swift */,
				94C28BE2246526320013B41F /* URLSchemeHandling.swift */,
				94B79B7B2466BDC0005E5066 /* AppUpdateHandling.swift */,
				94EE92C82467D3C8001E3155 /* AddApps.swift */,
			);
			path = Features;
			sourceTree = "<group>";
		};
		94FA20C2231BA2BC00EC1190 = {
			isa = PBXGroup;
			children = (
				94B015E3243D6C6F00BB4E7C /* WishlistFoundation */,
				94173E48243D5D9400984DED /* WishlistData */,
				942833A8243348FF00A8921E /* WishlistServices */,
				945CB45E23530B2F00DF3ABF /* UserDefaults */,
				94FA20CD231BA2BC00EC1190 /* Wishlist */,
				9494DA0A24319285003A7992 /* ActionExtension */,
				94FA20CC231BA2BC00EC1190 /* Products */,
				945CB45F23530B5E00DF3ABF /* Frameworks */,
			);
			sourceTree = "<group>";
			usesTabs = 0;
		};
		94FA20CC231BA2BC00EC1190 /* Products */ = {
			isa = PBXGroup;
			children = (
				94FA20CB231BA2BC00EC1190 /* Wishlist.app */,
				9494DA0924319285003A7992 /* Add to Wishlist.appex */,
			);
			name = Products;
			sourceTree = "<group>";
		};
		94FA20CD231BA2BC00EC1190 /* Wishlist */ = {
			isa = PBXGroup;
			children = (
				94C28BE1246526260013B41F /* Features */,
				9486FAB32430669F00EE2334 /* Extensions */,
				948890C024304D1A00E3E5FA /* Scenes */,
				9494DA042431916C003A7992 /* Stores */,
				94930CF8232CD47700AE81BC /* Models */,
				945B44C1232CCD6B00A3B573 /* Views */,
				94FA20CE231BA2BC00EC1190 /* AppDelegate.swift */,
				94FA20D4231BA2BD00EC1190 /* Assets.xcassets */,
				94FA20DC231BA2BD00EC1190 /* Info.plist */,
				94637EB02431A211005EF584 /* Wishlist.entitlements */,
				94555EEC2433ED4C00223AD2 /* DataModel.xcdatamodeld */,
				94FA20D9231BA2BD00EC1190 /* LaunchScreen.storyboard */,
				94FA20D6231BA2BD00EC1190 /* Preview Content */,
			);
			path = Wishlist;
			sourceTree = "<group>";
		};
		94FA20D6231BA2BD00EC1190 /* Preview Content */ = {
			isa = PBXGroup;
			children = (
				94FA20D7231BA2BD00EC1190 /* Preview Assets.xcassets */,
			);
			path = "Preview Content";
			sourceTree = "<group>";
		};
/* End PBXGroup section */

/* Begin PBXNativeTarget section */
		9494DA0824319285003A7992 /* ActionExtension */ = {
			isa = PBXNativeTarget;
			buildConfigurationList = 9494DA1624319285003A7992 /* Build configuration list for PBXNativeTarget "ActionExtension" */;
			buildPhases = (
				9494DA0524319285003A7992 /* Sources */,
				9494DA0624319285003A7992 /* Frameworks */,
				9494DA0724319285003A7992 /* Resources */,
				94637EAA24319B35005EF584 /* Embed Frameworks */,
			);
			buildRules = (
			);
			dependencies = (
			);
			name = ActionExtension;
			packageProductDependencies = (
				942833AC24334A2400A8921E /* WishlistServices */,
				94B015E7243D90DB00BB4E7C /* WishlistFoundation */,
				946017A0243D99E00065E384 /* WishlistData */,
			);
			productName = ActionExtension;
			productReference = 9494DA0924319285003A7992 /* Add to Wishlist.appex */;
			productType = "com.apple.product-type.app-extension";
		};
		94FA20CA231BA2BC00EC1190 /* Wishlist */ = {
			isa = PBXNativeTarget;
			buildConfigurationList = 94FA20DF231BA2BD00EC1190 /* Build configuration list for PBXNativeTarget "Wishlist" */;
			buildPhases = (
				94FA20C7231BA2BC00EC1190 /* Sources */,
				94FA20C8231BA2BC00EC1190 /* Frameworks */,
				94FA20C9231BA2BC00EC1190 /* Resources */,
				9494DA1924319285003A7992 /* Embed App Extensions */,
				94637EAF24319B73005EF584 /* Embed Frameworks */,
			);
			buildRules = (
			);
			dependencies = (
				9494DA1424319285003A7992 /* PBXTargetDependency */,
			);
			name = Wishlist;
			packageProductDependencies = (
				945CB46023530B5E00DF3ABF /* UserDefaults */,
				942833A924334A1700A8921E /* WishlistServices */,
				94B015EA243D90E800BB4E7C /* WishlistData */,
				94B015ED243D90E800BB4E7C /* WishlistFoundation */,
				94629D3924468B890072C271 /* SDWebImageSwiftUI */,
				943047732460FC4900EEDBBF /* ComposableArchitecture */,
			);
			productName = Wishlist;
			productReference = 94FA20CB231BA2BC00EC1190 /* Wishlist.app */;
			productType = "com.apple.product-type.application";
		};
/* End PBXNativeTarget section */

/* Begin PBXProject section */
		94FA20C3231BA2BC00EC1190 /* Project object */ = {
			isa = PBXProject;
			attributes = {
				LastSwiftUpdateCheck = 1140;
				LastUpgradeCheck = 1100;
				ORGANIZATIONNAME = "Ryan Davis";
				TargetAttributes = {
					9494DA0824319285003A7992 = {
						CreatedOnToolsVersion = 11.4;
					};
					94FA20CA231BA2BC00EC1190 = {
						CreatedOnToolsVersion = 11.0;
					};
				};
			};
			buildConfigurationList = 94FA20C6231BA2BC00EC1190 /* Build configuration list for PBXProject "Wishlist" */;
			compatibilityVersion = "Xcode 11.0";
			developmentRegion = en;
			hasScannedForEncodings = 0;
			knownRegions = (
				en,
				Base,
			);
			mainGroup = 94FA20C2231BA2BC00EC1190;
			packageReferences = (
				94629D3824468B890072C271 /* XCRemoteSwiftPackageReference "SDWebImageSwiftUI" */,
				943047722460FC4900EEDBBF /* XCRemoteSwiftPackageReference "swift-composable-architecture" */,
			);
			productRefGroup = 94FA20CC231BA2BC00EC1190 /* Products */;
			projectDirPath = "";
			projectRoot = "";
			targets = (
				94FA20CA231BA2BC00EC1190 /* Wishlist */,
				9494DA0824319285003A7992 /* ActionExtension */,
			);
		};
/* End PBXProject section */

/* Begin PBXResourcesBuildPhase section */
		9494DA0724319285003A7992 /* Resources */ = {
			isa = PBXResourcesBuildPhase;
			buildActionMask = 2147483647;
			files = (
				9494DA0C24319285003A7992 /* Media.xcassets in Resources */,
				9494DA1124319285003A7992 /* MainInterface.storyboard in Resources */,
			);
			runOnlyForDeploymentPostprocessing = 0;
		};
		94FA20C9231BA2BC00EC1190 /* Resources */ = {
			isa = PBXResourcesBuildPhase;
			buildActionMask = 2147483647;
			files = (
				94FA20DB231BA2BD00EC1190 /* LaunchScreen.storyboard in Resources */,
				94FA20D8231BA2BD00EC1190 /* Preview Assets.xcassets in Resources */,
				94FA20D5231BA2BD00EC1190 /* Assets.xcassets in Resources */,
			);
			runOnlyForDeploymentPostprocessing = 0;
		};
/* End PBXResourcesBuildPhase section */

/* Begin PBXSourcesBuildPhase section */
		9494DA0524319285003A7992 /* Sources */ = {
			isa = PBXSourcesBuildPhase;
			buildActionMask = 2147483647;
			files = (
				9494DA0E24319285003A7992 /* ActionViewController.swift in Sources */,
				949C700E2434644900009960 /* DataModel.xcdatamodeld in Sources */,
			);
			runOnlyForDeploymentPostprocessing = 0;
		};
		94FA20C7231BA2BC00EC1190 /* Sources */ = {
			isa = PBXSourcesBuildPhase;
			buildActionMask = 2147483647;
			files = (
				94151ED42469379E00CBD2BE /* UIKit.swift in Sources */,
				94FA20CF231BA2BC00EC1190 /* AppDelegate.swift in Sources */,
				9486FAB5243066AC00EE2334 /* Dictionary.swift in Sources */,
				94B79B7E2466BE94005E5066 /* ComposableArchitecture.swift in Sources */,
				94C28BE3246526320013B41F /* URLSchemeHandling.swift in Sources */,
				948890C424304DDB00E3E5FA /* ActivityIdentifier.swift in Sources */,
				94555EEE2433ED4C00223AD2 /* DataModel.xcdatamodeld in Sources */,
				94EE92C92467D3C8001E3155 /* AddApps.swift in Sources */,
				945B44C5232CCD8F00A3B573 /* AppDetailsView.swift in Sources */,
				94C8D0852435756300D9C077 /* UTI.swift in Sources */,
				94629D37244682070072C271 /* DeviceVisibilityModifier.swift in Sources */,
				942FC864242E9D7400BF15F4 /* UpdateDateFormatterKey.swift in Sources */,
				948890C224304D3000E3E5FA /* AppDetailsDelegate.swift in Sources */,
				9489E4DC242D6EAC00C396AD /* AppIcon.swift in Sources */,
				94C7B1532330F13F008181D1 /* SettingsStore.swift in Sources */,
				94B79B7C2466BDC0005E5066 /* AppUpdateHandling.swift in Sources */,
				94FA20D1231BA2BC00EC1190 /* SceneDelegate.swift in Sources */,
				945CCA56243172DE000B7586 /* URLItemProvider.swift in Sources */,
				945B44BC232CC42E00A3B573 /* ActivityView.swift in Sources */,
				94151ED22469049700CBD2BE /* SettingsView.swift in Sources */,
				94FA20D3231BA2BC00EC1190 /* AppListView.swift in Sources */,
				948890C624304E0500E3E5FA /* SceneConfigurationNames.swift in Sources */,
				9415B3612465349800F76965 /* BackgroundTasks.swift in Sources */,
				9432BAC024355C20001CCCD9 /* URLDropDelegate.swift in Sources */,
				943F705A2462328A007425BA /* URLScheme.swift in Sources */,
			);
			runOnlyForDeploymentPostprocessing = 0;
		};
/* End PBXSourcesBuildPhase section */

/* Begin PBXTargetDependency section */
		9494DA1424319285003A7992 /* PBXTargetDependency */ = {
			isa = PBXTargetDependency;
			target = 9494DA0824319285003A7992 /* ActionExtension */;
			targetProxy = 9494DA1324319285003A7992 /* PBXContainerItemProxy */;
		};
/* End PBXTargetDependency section */

/* Begin PBXVariantGroup section */
		9494DA0F24319285003A7992 /* MainInterface.storyboard */ = {
			isa = PBXVariantGroup;
			children = (
				9494DA1024319285003A7992 /* Base */,
			);
			name = MainInterface.storyboard;
			sourceTree = "<group>";
		};
		94FA20D9231BA2BD00EC1190 /* LaunchScreen.storyboard */ = {
			isa = PBXVariantGroup;
			children = (
				94FA20DA231BA2BD00EC1190 /* Base */,
			);
			name = LaunchScreen.storyboard;
			sourceTree = "<group>";
		};
/* End PBXVariantGroup section */

/* Begin XCBuildConfiguration section */
		9494DA1724319285003A7992 /* Debug */ = {
			isa = XCBuildConfiguration;
			buildSettings = {
				CODE_SIGN_ENTITLEMENTS = "ActionExtension/Add to Wishlist.entitlements";
				CODE_SIGN_STYLE = Automatic;
				DEVELOPMENT_TEAM = 8PMW33R44A;
				INFOPLIST_FILE = ActionExtension/Info.plist;
				IPHONEOS_DEPLOYMENT_TARGET = 13.4;
				LD_RUNPATH_SEARCH_PATHS = (
					"$(inherited)",
					"@executable_path/Frameworks",
					"@executable_path/../../Frameworks",
				);
				PRODUCT_BUNDLE_IDENTIFIER = org.rypac.Wishlist.ActionExtension;
				PRODUCT_NAME = "Add to Wishlist";
				SKIP_INSTALL = YES;
				SWIFT_VERSION = 5.0;
				TARGETED_DEVICE_FAMILY = "1,2";
			};
			name = Debug;
		};
		9494DA1824319285003A7992 /* Release */ = {
			isa = XCBuildConfiguration;
			buildSettings = {
				CODE_SIGN_ENTITLEMENTS = "ActionExtension/Add to Wishlist.entitlements";
				CODE_SIGN_STYLE = Automatic;
				DEVELOPMENT_TEAM = 8PMW33R44A;
				INFOPLIST_FILE = ActionExtension/Info.plist;
				IPHONEOS_DEPLOYMENT_TARGET = 13.4;
				LD_RUNPATH_SEARCH_PATHS = (
					"$(inherited)",
					"@executable_path/Frameworks",
					"@executable_path/../../Frameworks",
				);
				PRODUCT_BUNDLE_IDENTIFIER = org.rypac.Wishlist.ActionExtension;
				PRODUCT_NAME = "Add to Wishlist";
				SKIP_INSTALL = YES;
				SWIFT_VERSION = 5.0;
				TARGETED_DEVICE_FAMILY = "1,2";
			};
			name = Release;
		};
		94FA20DD231BA2BD00EC1190 /* Debug */ = {
			isa = XCBuildConfiguration;
			buildSettings = {
				ALWAYS_SEARCH_USER_PATHS = NO;
				CLANG_ANALYZER_NONNULL = YES;
				CLANG_ANALYZER_NUMBER_OBJECT_CONVERSION = YES_AGGRESSIVE;
				CLANG_CXX_LANGUAGE_STANDARD = "gnu++14";
				CLANG_CXX_LIBRARY = "libc++";
				CLANG_ENABLE_MODULES = YES;
				CLANG_ENABLE_OBJC_ARC = YES;
				CLANG_ENABLE_OBJC_WEAK = YES;
				CLANG_WARN_BLOCK_CAPTURE_AUTORELEASING = YES;
				CLANG_WARN_BOOL_CONVERSION = YES;
				CLANG_WARN_COMMA = YES;
				CLANG_WARN_CONSTANT_CONVERSION = YES;
				CLANG_WARN_DEPRECATED_OBJC_IMPLEMENTATIONS = YES;
				CLANG_WARN_DIRECT_OBJC_ISA_USAGE = YES_ERROR;
				CLANG_WARN_DOCUMENTATION_COMMENTS = YES;
				CLANG_WARN_EMPTY_BODY = YES;
				CLANG_WARN_ENUM_CONVERSION = YES;
				CLANG_WARN_INFINITE_RECURSION = YES;
				CLANG_WARN_INT_CONVERSION = YES;
				CLANG_WARN_NON_LITERAL_NULL_CONVERSION = YES;
				CLANG_WARN_OBJC_IMPLICIT_RETAIN_SELF = YES;
				CLANG_WARN_OBJC_LITERAL_CONVERSION = YES;
				CLANG_WARN_OBJC_ROOT_CLASS = YES_ERROR;
				CLANG_WARN_RANGE_LOOP_ANALYSIS = YES;
				CLANG_WARN_STRICT_PROTOTYPES = YES;
				CLANG_WARN_SUSPICIOUS_MOVE = YES;
				CLANG_WARN_UNGUARDED_AVAILABILITY = YES_AGGRESSIVE;
				CLANG_WARN_UNREACHABLE_CODE = YES;
				CLANG_WARN__DUPLICATE_METHOD_MATCH = YES;
				COPY_PHASE_STRIP = NO;
				DEBUG_INFORMATION_FORMAT = dwarf;
				ENABLE_STRICT_OBJC_MSGSEND = YES;
				ENABLE_TESTABILITY = YES;
				GCC_C_LANGUAGE_STANDARD = gnu11;
				GCC_DYNAMIC_NO_PIC = NO;
				GCC_NO_COMMON_BLOCKS = YES;
				GCC_OPTIMIZATION_LEVEL = 0;
				GCC_PREPROCESSOR_DEFINITIONS = (
					"DEBUG=1",
					"$(inherited)",
				);
				GCC_WARN_64_TO_32_BIT_CONVERSION = YES;
				GCC_WARN_ABOUT_RETURN_TYPE = YES_ERROR;
				GCC_WARN_UNDECLARED_SELECTOR = YES;
				GCC_WARN_UNINITIALIZED_AUTOS = YES_AGGRESSIVE;
				GCC_WARN_UNUSED_FUNCTION = YES;
				GCC_WARN_UNUSED_VARIABLE = YES;
				IPHONEOS_DEPLOYMENT_TARGET = 13.4;
				MTL_ENABLE_DEBUG_INFO = INCLUDE_SOURCE;
				MTL_FAST_MATH = YES;
				ONLY_ACTIVE_ARCH = YES;
				SDKROOT = iphoneos;
				SWIFT_ACTIVE_COMPILATION_CONDITIONS = DEBUG;
				SWIFT_OPTIMIZATION_LEVEL = "-Onone";
			};
			name = Debug;
		};
		94FA20DE231BA2BD00EC1190 /* Release */ = {
			isa = XCBuildConfiguration;
			buildSettings = {
				ALWAYS_SEARCH_USER_PATHS = NO;
				CLANG_ANALYZER_NONNULL = YES;
				CLANG_ANALYZER_NUMBER_OBJECT_CONVERSION = YES_AGGRESSIVE;
				CLANG_CXX_LANGUAGE_STANDARD = "gnu++14";
				CLANG_CXX_LIBRARY = "libc++";
				CLANG_ENABLE_MODULES = YES;
				CLANG_ENABLE_OBJC_ARC = YES;
				CLANG_ENABLE_OBJC_WEAK = YES;
				CLANG_WARN_BLOCK_CAPTURE_AUTORELEASING = YES;
				CLANG_WARN_BOOL_CONVERSION = YES;
				CLANG_WARN_COMMA = YES;
				CLANG_WARN_CONSTANT_CONVERSION = YES;
				CLANG_WARN_DEPRECATED_OBJC_IMPLEMENTATIONS = YES;
				CLANG_WARN_DIRECT_OBJC_ISA_USAGE = YES_ERROR;
				CLANG_WARN_DOCUMENTATION_COMMENTS = YES;
				CLANG_WARN_EMPTY_BODY = YES;
				CLANG_WARN_ENUM_CONVERSION = YES;
				CLANG_WARN_INFINITE_RECURSION = YES;
				CLANG_WARN_INT_CONVERSION = YES;
				CLANG_WARN_NON_LITERAL_NULL_CONVERSION = YES;
				CLANG_WARN_OBJC_IMPLICIT_RETAIN_SELF = YES;
				CLANG_WARN_OBJC_LITERAL_CONVERSION = YES;
				CLANG_WARN_OBJC_ROOT_CLASS = YES_ERROR;
				CLANG_WARN_RANGE_LOOP_ANALYSIS = YES;
				CLANG_WARN_STRICT_PROTOTYPES = YES;
				CLANG_WARN_SUSPICIOUS_MOVE = YES;
				CLANG_WARN_UNGUARDED_AVAILABILITY = YES_AGGRESSIVE;
				CLANG_WARN_UNREACHABLE_CODE = YES;
				CLANG_WARN__DUPLICATE_METHOD_MATCH = YES;
				COPY_PHASE_STRIP = NO;
				DEBUG_INFORMATION_FORMAT = "dwarf-with-dsym";
				ENABLE_NS_ASSERTIONS = NO;
				ENABLE_STRICT_OBJC_MSGSEND = YES;
				GCC_C_LANGUAGE_STANDARD = gnu11;
				GCC_NO_COMMON_BLOCKS = YES;
				GCC_WARN_64_TO_32_BIT_CONVERSION = YES;
				GCC_WARN_ABOUT_RETURN_TYPE = YES_ERROR;
				GCC_WARN_UNDECLARED_SELECTOR = YES;
				GCC_WARN_UNINITIALIZED_AUTOS = YES_AGGRESSIVE;
				GCC_WARN_UNUSED_FUNCTION = YES;
				GCC_WARN_UNUSED_VARIABLE = YES;
				IPHONEOS_DEPLOYMENT_TARGET = 13.4;
				MTL_ENABLE_DEBUG_INFO = NO;
				MTL_FAST_MATH = YES;
				SDKROOT = iphoneos;
				SWIFT_COMPILATION_MODE = wholemodule;
				SWIFT_OPTIMIZATION_LEVEL = "-O";
				VALIDATE_PRODUCT = YES;
			};
			name = Release;
		};
		94FA20E0231BA2BD00EC1190 /* Debug */ = {
			isa = XCBuildConfiguration;
			buildSettings = {
				ALWAYS_EMBED_SWIFT_STANDARD_LIBRARIES = YES;
				ASSETCATALOG_COMPILER_APPICON_NAME = AppIcon;
				CODE_SIGN_ENTITLEMENTS = Wishlist/Wishlist.entitlements;
				CODE_SIGN_STYLE = Automatic;
				DEVELOPMENT_ASSET_PATHS = "\"Wishlist/Preview Content\"";
				DEVELOPMENT_TEAM = 8PMW33R44A;
				ENABLE_PREVIEWS = YES;
				INFOPLIST_FILE = Wishlist/Info.plist;
				IPHONEOS_DEPLOYMENT_TARGET = 13.4;
				LD_RUNPATH_SEARCH_PATHS = (
					"$(inherited)",
					"@executable_path/Frameworks",
				);
				PRODUCT_BUNDLE_IDENTIFIER = org.rypac.Wishlist;
				PRODUCT_NAME = "$(TARGET_NAME)";
				SWIFT_VERSION = 5.0;
				TARGETED_DEVICE_FAMILY = "1,2";
			};
			name = Debug;
		};
		94FA20E1231BA2BD00EC1190 /* Release */ = {
			isa = XCBuildConfiguration;
			buildSettings = {
				ALWAYS_EMBED_SWIFT_STANDARD_LIBRARIES = YES;
				ASSETCATALOG_COMPILER_APPICON_NAME = AppIcon;
				CODE_SIGN_ENTITLEMENTS = Wishlist/Wishlist.entitlements;
				CODE_SIGN_STYLE = Automatic;
				DEVELOPMENT_ASSET_PATHS = "\"Wishlist/Preview Content\"";
				DEVELOPMENT_TEAM = 8PMW33R44A;
				ENABLE_PREVIEWS = YES;
				INFOPLIST_FILE = Wishlist/Info.plist;
				IPHONEOS_DEPLOYMENT_TARGET = 13.4;
				LD_RUNPATH_SEARCH_PATHS = (
					"$(inherited)",
					"@executable_path/Frameworks",
				);
				PRODUCT_BUNDLE_IDENTIFIER = org.rypac.Wishlist;
				PRODUCT_NAME = "$(TARGET_NAME)";
				SWIFT_VERSION = 5.0;
				TARGETED_DEVICE_FAMILY = "1,2";
			};
			name = Release;
		};
/* End XCBuildConfiguration section */

/* Begin XCConfigurationList section */
		9494DA1624319285003A7992 /* Build configuration list for PBXNativeTarget "ActionExtension" */ = {
			isa = XCConfigurationList;
			buildConfigurations = (
				9494DA1724319285003A7992 /* Debug */,
				9494DA1824319285003A7992 /* Release */,
			);
			defaultConfigurationIsVisible = 0;
			defaultConfigurationName = Release;
		};
		94FA20C6231BA2BC00EC1190 /* Build configuration list for PBXProject "Wishlist" */ = {
			isa = XCConfigurationList;
			buildConfigurations = (
				94FA20DD231BA2BD00EC1190 /* Debug */,
				94FA20DE231BA2BD00EC1190 /* Release */,
			);
			defaultConfigurationIsVisible = 0;
			defaultConfigurationName = Release;
		};
		94FA20DF231BA2BD00EC1190 /* Build configuration list for PBXNativeTarget "Wishlist" */ = {
			isa = XCConfigurationList;
			buildConfigurations = (
				94FA20E0231BA2BD00EC1190 /* Debug */,
				94FA20E1231BA2BD00EC1190 /* Release */,
			);
			defaultConfigurationIsVisible = 0;
			defaultConfigurationName = Release;
		};
/* End XCConfigurationList section */

/* Begin XCRemoteSwiftPackageReference section */
		943047722460FC4900EEDBBF /* XCRemoteSwiftPackageReference "swift-composable-architecture" */ = {
			isa = XCRemoteSwiftPackageReference;
			repositoryURL = "https://github.com/pointfreeco/swift-composable-architecture";
			requirement = {
				kind = upToNextMajorVersion;
				minimumVersion = 0.1.0;
			};
		};
		94629D3824468B890072C271 /* XCRemoteSwiftPackageReference "SDWebImageSwiftUI" */ = {
			isa = XCRemoteSwiftPackageReference;
			repositoryURL = "https://github.com/SDWebImage/SDWebImageSwiftUI.git";
			requirement = {
				kind = upToNextMajorVersion;
				minimumVersion = 1.3.2;
			};
		};
/* End XCRemoteSwiftPackageReference section */

/* Begin XCSwiftPackageProductDependency section */
		942833A924334A1700A8921E /* WishlistServices */ = {
			isa = XCSwiftPackageProductDependency;
			productName = WishlistServices;
		};
		942833AC24334A2400A8921E /* WishlistServices */ = {
			isa = XCSwiftPackageProductDependency;
			productName = WishlistServices;
		};
		943047732460FC4900EEDBBF /* ComposableArchitecture */ = {
			isa = XCSwiftPackageProductDependency;
			package = 943047722460FC4900EEDBBF /* XCRemoteSwiftPackageReference "swift-composable-architecture" */;
			productName = ComposableArchitecture;
		};
		945CB46023530B5E00DF3ABF /* UserDefaults */ = {
			isa = XCSwiftPackageProductDependency;
			productName = UserDefaults;
		};
		946017A0243D99E00065E384 /* WishlistData */ = {
			isa = XCSwiftPackageProductDependency;
			productName = WishlistData;
		};
		94629D3924468B890072C271 /* SDWebImageSwiftUI */ = {
			isa = XCSwiftPackageProductDependency;
			package = 94629D3824468B890072C271 /* XCRemoteSwiftPackageReference "SDWebImageSwiftUI" */;
			productName = SDWebImageSwiftUI;
		};
		94B015E7243D90DB00BB4E7C /* WishlistFoundation */ = {
			isa = XCSwiftPackageProductDependency;
			productName = WishlistFoundation;
		};
		94B015EA243D90E800BB4E7C /* WishlistData */ = {
			isa = XCSwiftPackageProductDependency;
			productName = WishlistData;
		};
		94B015ED243D90E800BB4E7C /* WishlistFoundation */ = {
			isa = XCSwiftPackageProductDependency;
			productName = WishlistFoundation;
		};
/* End XCSwiftPackageProductDependency section */

/* Begin XCVersionGroup section */
		94555EEC2433ED4C00223AD2 /* DataModel.xcdatamodeld */ = {
			isa = XCVersionGroup;
			children = (
				94555EED2433ED4C00223AD2 /* DataModel.xcdatamodel */,
			);
			currentVersion = 94555EED2433ED4C00223AD2 /* DataModel.xcdatamodel */;
			path = DataModel.xcdatamodeld;
			sourceTree = "<group>";
			versionGroupType = wrapper.xcdatamodel;
		};
/* End XCVersionGroup section */
	};
	rootObject = 94FA20C3231BA2BC00EC1190 /* Project object */;
}
