// !$*UTF8*$!
{
	archiveVersion = 1;
	classes = {
	};
	objectVersion = 52;
	objects = {

/* Begin PBXBuildFile section */
		94295E14232E06D400D21BC6 /* AppListViewModel.swift in Sources */ = {isa = PBXBuildFile; fileRef = 94295E13232E06D400D21BC6 /* AppListViewModel.swift */; };
		9459B56A231BA3F40023BD74 /* App.swift in Sources */ = {isa = PBXBuildFile; fileRef = 9459B569231BA3F40023BD74 /* App.swift */; };
		9459B56D231BB3030023BD74 /* apps.json in Resources */ = {isa = PBXBuildFile; fileRef = 9459B56C231BB3030023BD74 /* apps.json */; };
		945B44BC232CC42E00A3B573 /* ActivityView.swift in Sources */ = {isa = PBXBuildFile; fileRef = 945B44BB232CC42E00A3B573 /* ActivityView.swift */; };
		945B44C5232CCD8F00A3B573 /* AppDetailsView.swift in Sources */ = {isa = PBXBuildFile; fileRef = 945B44C4232CCD8F00A3B573 /* AppDetailsView.swift */; };
		945CB46123530B5E00DF3ABF /* UserDefaults in Frameworks */ = {isa = PBXBuildFile; productRef = 945CB46023530B5E00DF3ABF /* UserDefaults */; };
		94703DC7242DA56800CC4B8E /* AppStoreService.swift in Sources */ = {isa = PBXBuildFile; fileRef = 94703DC6242DA56800CC4B8E /* AppStoreService.swift */; };
		9489E4DC242D6EAC00C396AD /* AppIcon.swift in Sources */ = {isa = PBXBuildFile; fileRef = 9489E4DB242D6EAC00C396AD /* AppIcon.swift */; };
		94BDFECB2349C9B400B25D81 /* Database.swift in Sources */ = {isa = PBXBuildFile; fileRef = 94BDFECA2349C9B400B25D81 /* Database.swift */; };
		94BDFECD2349D0C800B25D81 /* Wishlist.swift in Sources */ = {isa = PBXBuildFile; fileRef = 94BDFECC2349D0C800B25D81 /* Wishlist.swift */; };
		94C7B1532330F13F008181D1 /* SettingsStore.swift in Sources */ = {isa = PBXBuildFile; fileRef = 94C7B1522330F13F008181D1 /* SettingsStore.swift */; };
		94C7B1572330FE13008181D1 /* SortOrder.swift in Sources */ = {isa = PBXBuildFile; fileRef = 94C7B1562330FE13008181D1 /* SortOrder.swift */; };
		94C7B15B233104DF008181D1 /* SettingsView.swift in Sources */ = {isa = PBXBuildFile; fileRef = 94C7B15A233104DF008181D1 /* SettingsView.swift */; };
		94ECF1F8242CC6C100F09DA6 /* URLImage in Frameworks */ = {isa = PBXBuildFile; productRef = 94ECF1F7242CC6C100F09DA6 /* URLImage */; };
		94FA20CF231BA2BC00EC1190 /* AppDelegate.swift in Sources */ = {isa = PBXBuildFile; fileRef = 94FA20CE231BA2BC00EC1190 /* AppDelegate.swift */; };
		94FA20D1231BA2BC00EC1190 /* SceneDelegate.swift in Sources */ = {isa = PBXBuildFile; fileRef = 94FA20D0231BA2BC00EC1190 /* SceneDelegate.swift */; };
		94FA20D3231BA2BC00EC1190 /* AppListView.swift in Sources */ = {isa = PBXBuildFile; fileRef = 94FA20D2231BA2BC00EC1190 /* AppListView.swift */; };
		94FA20D5231BA2BD00EC1190 /* Assets.xcassets in Resources */ = {isa = PBXBuildFile; fileRef = 94FA20D4231BA2BD00EC1190 /* Assets.xcassets */; };
		94FA20D8231BA2BD00EC1190 /* Preview Assets.xcassets in Resources */ = {isa = PBXBuildFile; fileRef = 94FA20D7231BA2BD00EC1190 /* Preview Assets.xcassets */; };
		94FA20DB231BA2BD00EC1190 /* LaunchScreen.storyboard in Resources */ = {isa = PBXBuildFile; fileRef = 94FA20D9231BA2BD00EC1190 /* LaunchScreen.storyboard */; };
/* End PBXBuildFile section */

/* Begin PBXFileReference section */
		94295E13232E06D400D21BC6 /* AppListViewModel.swift */ = {isa = PBXFileReference; lastKnownFileType = sourcecode.swift; path = AppListViewModel.swift; sourceTree = "<group>"; usesTabs = 0; };
		9459B569231BA3F40023BD74 /* App.swift */ = {isa = PBXFileReference; lastKnownFileType = sourcecode.swift; path = App.swift; sourceTree = "<group>"; };
		9459B56C231BB3030023BD74 /* apps.json */ = {isa = PBXFileReference; lastKnownFileType = text.json; path = apps.json; sourceTree = "<group>"; };
		945B44BB232CC42E00A3B573 /* ActivityView.swift */ = {isa = PBXFileReference; lastKnownFileType = sourcecode.swift; path = ActivityView.swift; sourceTree = "<group>"; };
		945B44C4232CCD8F00A3B573 /* AppDetailsView.swift */ = {isa = PBXFileReference; lastKnownFileType = sourcecode.swift; path = AppDetailsView.swift; sourceTree = "<group>"; };
		945CB45E23530B2F00DF3ABF /* UserDefaults */ = {isa = PBXFileReference; lastKnownFileType = folder; path = UserDefaults; sourceTree = "<group>"; };
		94703DC6242DA56800CC4B8E /* AppStoreService.swift */ = {isa = PBXFileReference; lastKnownFileType = sourcecode.swift; path = AppStoreService.swift; sourceTree = "<group>"; };
		9489E4DB242D6EAC00C396AD /* AppIcon.swift */ = {isa = PBXFileReference; lastKnownFileType = sourcecode.swift; path = AppIcon.swift; sourceTree = "<group>"; };
		94BDFECA2349C9B400B25D81 /* Database.swift */ = {isa = PBXFileReference; lastKnownFileType = sourcecode.swift; path = Database.swift; sourceTree = "<group>"; };
		94BDFECC2349D0C800B25D81 /* Wishlist.swift */ = {isa = PBXFileReference; lastKnownFileType = sourcecode.swift; path = Wishlist.swift; sourceTree = "<group>"; };
		94C7B1522330F13F008181D1 /* SettingsStore.swift */ = {isa = PBXFileReference; lastKnownFileType = sourcecode.swift; path = SettingsStore.swift; sourceTree = "<group>"; };
		94C7B1562330FE13008181D1 /* SortOrder.swift */ = {isa = PBXFileReference; lastKnownFileType = sourcecode.swift; path = SortOrder.swift; sourceTree = "<group>"; };
		94C7B15A233104DF008181D1 /* SettingsView.swift */ = {isa = PBXFileReference; lastKnownFileType = sourcecode.swift; path = SettingsView.swift; sourceTree = "<group>"; };
		94FA20CB231BA2BC00EC1190 /* Wishlist.app */ = {isa = PBXFileReference; explicitFileType = wrapper.application; includeInIndex = 0; path = Wishlist.app; sourceTree = BUILT_PRODUCTS_DIR; };
		94FA20CE231BA2BC00EC1190 /* AppDelegate.swift */ = {isa = PBXFileReference; lastKnownFileType = sourcecode.swift; path = AppDelegate.swift; sourceTree = "<group>"; };
		94FA20D0231BA2BC00EC1190 /* SceneDelegate.swift */ = {isa = PBXFileReference; lastKnownFileType = sourcecode.swift; path = SceneDelegate.swift; sourceTree = "<group>"; };
		94FA20D2231BA2BC00EC1190 /* AppListView.swift */ = {isa = PBXFileReference; lastKnownFileType = sourcecode.swift; path = AppListView.swift; sourceTree = "<group>"; };
		94FA20D4231BA2BD00EC1190 /* Assets.xcassets */ = {isa = PBXFileReference; lastKnownFileType = folder.assetcatalog; path = Assets.xcassets; sourceTree = "<group>"; };
		94FA20D7231BA2BD00EC1190 /* Preview Assets.xcassets */ = {isa = PBXFileReference; lastKnownFileType = folder.assetcatalog; path = "Preview Assets.xcassets"; sourceTree = "<group>"; };
		94FA20DA231BA2BD00EC1190 /* Base */ = {isa = PBXFileReference; lastKnownFileType = file.storyboard; name = Base; path = Base.lproj/LaunchScreen.storyboard; sourceTree = "<group>"; };
		94FA20DC231BA2BD00EC1190 /* Info.plist */ = {isa = PBXFileReference; lastKnownFileType = text.plist.xml; path = Info.plist; sourceTree = "<group>"; };
/* End PBXFileReference section */

/* Begin PBXFrameworksBuildPhase section */
		94FA20C8231BA2BC00EC1190 /* Frameworks */ = {
			isa = PBXFrameworksBuildPhase;
			buildActionMask = 2147483647;
			files = (
				94ECF1F8242CC6C100F09DA6 /* URLImage in Frameworks */,
				945CB46123530B5E00DF3ABF /* UserDefaults in Frameworks */,
			);
			runOnlyForDeploymentPostprocessing = 0;
		};
/* End PBXFrameworksBuildPhase section */

/* Begin PBXGroup section */
		9459B56B231BB2CE0023BD74 /* Resources */ = {
			isa = PBXGroup;
			children = (
				9459B56C231BB3030023BD74 /* apps.json */,
			);
			path = Resources;
			sourceTree = "<group>";
		};
		945B44C1232CCD6B00A3B573 /* Views */ = {
			isa = PBXGroup;
			children = (
				945B44BB232CC42E00A3B573 /* ActivityView.swift */,
				945B44C4232CCD8F00A3B573 /* AppDetailsView.swift */,
				94FA20D2231BA2BC00EC1190 /* AppListView.swift */,
				94C7B15A233104DF008181D1 /* SettingsView.swift */,
				9489E4DB242D6EAC00C396AD /* AppIcon.swift */,
			);
			path = Views;
			sourceTree = "<group>";
		};
		945CB45F23530B5E00DF3ABF /* Frameworks */ = {
			isa = PBXGroup;
			children = (
			);
			name = Frameworks;
			sourceTree = "<group>";
		};
		94930CF8232CD47700AE81BC /* Models */ = {
			isa = PBXGroup;
			children = (
				9459B569231BA3F40023BD74 /* App.swift */,
				94C7B1562330FE13008181D1 /* SortOrder.swift */,
			);
			path = Models;
			sourceTree = "<group>";
		};
		94930CF9232CD49800AE81BC /* View Models */ = {
			isa = PBXGroup;
			children = (
				94295E13232E06D400D21BC6 /* AppListViewModel.swift */,
			);
			path = "View Models";
			sourceTree = "<group>";
		};
		94BDFEC92349C99E00B25D81 /* Services */ = {
			isa = PBXGroup;
			children = (
				94BDFECA2349C9B400B25D81 /* Database.swift */,
				94BDFECC2349D0C800B25D81 /* Wishlist.swift */,
				94C7B1522330F13F008181D1 /* SettingsStore.swift */,
				94703DC6242DA56800CC4B8E /* AppStoreService.swift */,
			);
			path = Services;
			sourceTree = "<group>";
		};
		94FA20C2231BA2BC00EC1190 = {
			isa = PBXGroup;
			children = (
				945CB45E23530B2F00DF3ABF /* UserDefaults */,
				94FA20CD231BA2BC00EC1190 /* Wishlist */,
				94FA20CC231BA2BC00EC1190 /* Products */,
				945CB45F23530B5E00DF3ABF /* Frameworks */,
			);
			sourceTree = "<group>";
			usesTabs = 0;
		};
		94FA20CC231BA2BC00EC1190 /* Products */ = {
			isa = PBXGroup;
			children = (
				94FA20CB231BA2BC00EC1190 /* Wishlist.app */,
			);
			name = Products;
			sourceTree = "<group>";
		};
		94FA20CD231BA2BC00EC1190 /* Wishlist */ = {
			isa = PBXGroup;
			children = (
				94BDFEC92349C99E00B25D81 /* Services */,
				94930CF8232CD47700AE81BC /* Models */,
				94930CF9232CD49800AE81BC /* View Models */,
				945B44C1232CCD6B00A3B573 /* Views */,
				9459B56B231BB2CE0023BD74 /* Resources */,
				94FA20CE231BA2BC00EC1190 /* AppDelegate.swift */,
				94FA20D4231BA2BD00EC1190 /* Assets.xcassets */,
				94FA20DC231BA2BD00EC1190 /* Info.plist */,
				94FA20D9231BA2BD00EC1190 /* LaunchScreen.storyboard */,
				94FA20D6231BA2BD00EC1190 /* Preview Content */,
				94FA20D0231BA2BC00EC1190 /* SceneDelegate.swift */,
			);
			path = Wishlist;
			sourceTree = "<group>";
		};
		94FA20D6231BA2BD00EC1190 /* Preview Content */ = {
			isa = PBXGroup;
			children = (
				94FA20D7231BA2BD00EC1190 /* Preview Assets.xcassets */,
			);
			path = "Preview Content";
			sourceTree = "<group>";
		};
/* End PBXGroup section */

/* Begin PBXNativeTarget section */
		94FA20CA231BA2BC00EC1190 /* Wishlist */ = {
			isa = PBXNativeTarget;
			buildConfigurationList = 94FA20DF231BA2BD00EC1190 /* Build configuration list for PBXNativeTarget "Wishlist" */;
			buildPhases = (
				94FA20C7231BA2BC00EC1190 /* Sources */,
				94FA20C8231BA2BC00EC1190 /* Frameworks */,
				94FA20C9231BA2BC00EC1190 /* Resources */,
			);
			buildRules = (
			);
			dependencies = (
			);
			name = Wishlist;
			packageProductDependencies = (
				945CB46023530B5E00DF3ABF /* UserDefaults */,
				94ECF1F7242CC6C100F09DA6 /* URLImage */,
			);
			productName = Wishlist;
			productReference = 94FA20CB231BA2BC00EC1190 /* Wishlist.app */;
			productType = "com.apple.product-type.application";
		};
/* End PBXNativeTarget section */

/* Begin PBXProject section */
		94FA20C3231BA2BC00EC1190 /* Project object */ = {
			isa = PBXProject;
			attributes = {
				LastSwiftUpdateCheck = 1100;
				LastUpgradeCheck = 1100;
				ORGANIZATIONNAME = "Ryan Davis";
				TargetAttributes = {
					94FA20CA231BA2BC00EC1190 = {
						CreatedOnToolsVersion = 11.0;
					};
				};
			};
			buildConfigurationList = 94FA20C6231BA2BC00EC1190 /* Build configuration list for PBXProject "Wishlist" */;
			compatibilityVersion = "Xcode 11.0";
			developmentRegion = en;
			hasScannedForEncodings = 0;
			knownRegions = (
				en,
				Base,
			);
			mainGroup = 94FA20C2231BA2BC00EC1190;
			packageReferences = (
				94ECF1F6242CC6C000F09DA6 /* XCRemoteSwiftPackageReference "url-image" */,
			);
			productRefGroup = 94FA20CC231BA2BC00EC1190 /* Products */;
			projectDirPath = "";
			projectRoot = "";
			targets = (
				94FA20CA231BA2BC00EC1190 /* Wishlist */,
			);
		};
/* End PBXProject section */

/* Begin PBXResourcesBuildPhase section */
		94FA20C9231BA2BC00EC1190 /* Resources */ = {
			isa = PBXResourcesBuildPhase;
			buildActionMask = 2147483647;
			files = (
				94FA20DB231BA2BD00EC1190 /* LaunchScreen.storyboard in Resources */,
				9459B56D231BB3030023BD74 /* apps.json in Resources */,
				94FA20D8231BA2BD00EC1190 /* Preview Assets.xcassets in Resources */,
				94FA20D5231BA2BD00EC1190 /* Assets.xcassets in Resources */,
			);
			runOnlyForDeploymentPostprocessing = 0;
		};
/* End PBXResourcesBuildPhase section */

/* Begin PBXSourcesBuildPhase section */
		94FA20C7231BA2BC00EC1190 /* Sources */ = {
			isa = PBXSourcesBuildPhase;
			buildActionMask = 2147483647;
			files = (
				94C7B1572330FE13008181D1 /* SortOrder.swift in Sources */,
				94FA20CF231BA2BC00EC1190 /* AppDelegate.swift in Sources */,
				945B44C5232CCD8F00A3B573 /* AppDetailsView.swift in Sources */,
				94295E14232E06D400D21BC6 /* AppListViewModel.swift in Sources */,
				9459B56A231BA3F40023BD74 /* App.swift in Sources */,
				9489E4DC242D6EAC00C396AD /* AppIcon.swift in Sources */,
				94C7B1532330F13F008181D1 /* SettingsStore.swift in Sources */,
				94FA20D1231BA2BC00EC1190 /* SceneDelegate.swift in Sources */,
				94C7B15B233104DF008181D1 /* SettingsView.swift in Sources */,
				94BDFECB2349C9B400B25D81 /* Database.swift in Sources */,
				945B44BC232CC42E00A3B573 /* ActivityView.swift in Sources */,
				94FA20D3231BA2BC00EC1190 /* AppListView.swift in Sources */,
				94BDFECD2349D0C800B25D81 /* Wishlist.swift in Sources */,
				94703DC7242DA56800CC4B8E /* AppStoreService.swift in Sources */,
			);
			runOnlyForDeploymentPostprocessing = 0;
		};
/* End PBXSourcesBuildPhase section */

/* Begin PBXVariantGroup section */
		94FA20D9231BA2BD00EC1190 /* LaunchScreen.storyboard */ = {
			isa = PBXVariantGroup;
			children = (
				94FA20DA231BA2BD00EC1190 /* Base */,
			);
			name = LaunchScreen.storyboard;
			sourceTree = "<group>";
		};
/* End PBXVariantGroup section */

/* Begin XCBuildConfiguration section */
		94FA20DD231BA2BD00EC1190 /* Debug */ = {
			isa = XCBuildConfiguration;
			buildSettings = {
				ALWAYS_SEARCH_USER_PATHS = NO;
				CLANG_ANALYZER_NONNULL = YES;
				CLANG_ANALYZER_NUMBER_OBJECT_CONVERSION = YES_AGGRESSIVE;
				CLANG_CXX_LANGUAGE_STANDARD = "gnu++14";
				CLANG_CXX_LIBRARY = "libc++";
				CLANG_ENABLE_MODULES = YES;
				CLANG_ENABLE_OBJC_ARC = YES;
				CLANG_ENABLE_OBJC_WEAK = YES;
				CLANG_WARN_BLOCK_CAPTURE_AUTORELEASING = YES;
				CLANG_WARN_BOOL_CONVERSION = YES;
				CLANG_WARN_COMMA = YES;
				CLANG_WARN_CONSTANT_CONVERSION = YES;
				CLANG_WARN_DEPRECATED_OBJC_IMPLEMENTATIONS = YES;
				CLANG_WARN_DIRECT_OBJC_ISA_USAGE = YES_ERROR;
				CLANG_WARN_DOCUMENTATION_COMMENTS = YES;
				CLANG_WARN_EMPTY_BODY = YES;
				CLANG_WARN_ENUM_CONVERSION = YES;
				CLANG_WARN_INFINITE_RECURSION = YES;
				CLANG_WARN_INT_CONVERSION = YES;
				CLANG_WARN_NON_LITERAL_NULL_CONVERSION = YES;
				CLANG_WARN_OBJC_IMPLICIT_RETAIN_SELF = YES;
				CLANG_WARN_OBJC_LITERAL_CONVERSION = YES;
				CLANG_WARN_OBJC_ROOT_CLASS = YES_ERROR;
				CLANG_WARN_RANGE_LOOP_ANALYSIS = YES;
				CLANG_WARN_STRICT_PROTOTYPES = YES;
				CLANG_WARN_SUSPICIOUS_MOVE = YES;
				CLANG_WARN_UNGUARDED_AVAILABILITY = YES_AGGRESSIVE;
				CLANG_WARN_UNREACHABLE_CODE = YES;
				CLANG_WARN__DUPLICATE_METHOD_MATCH = YES;
				COPY_PHASE_STRIP = NO;
				DEBUG_INFORMATION_FORMAT = dwarf;
				ENABLE_STRICT_OBJC_MSGSEND = YES;
				ENABLE_TESTABILITY = YES;
				GCC_C_LANGUAGE_STANDARD = gnu11;
				GCC_DYNAMIC_NO_PIC = NO;
				GCC_NO_COMMON_BLOCKS = YES;
				GCC_OPTIMIZATION_LEVEL = 0;
				GCC_PREPROCESSOR_DEFINITIONS = (
					"DEBUG=1",
					"$(inherited)",
				);
				GCC_WARN_64_TO_32_BIT_CONVERSION = YES;
				GCC_WARN_ABOUT_RETURN_TYPE = YES_ERROR;
				GCC_WARN_UNDECLARED_SELECTOR = YES;
				GCC_WARN_UNINITIALIZED_AUTOS = YES_AGGRESSIVE;
				GCC_WARN_UNUSED_FUNCTION = YES;
				GCC_WARN_UNUSED_VARIABLE = YES;
				IPHONEOS_DEPLOYMENT_TARGET = 13.1;
				MTL_ENABLE_DEBUG_INFO = INCLUDE_SOURCE;
				MTL_FAST_MATH = YES;
				ONLY_ACTIVE_ARCH = YES;
				SDKROOT = iphoneos;
				SWIFT_ACTIVE_COMPILATION_CONDITIONS = DEBUG;
				SWIFT_OPTIMIZATION_LEVEL = "-Onone";
			};
			name = Debug;
		};
		94FA20DE231BA2BD00EC1190 /* Release */ = {
			isa = XCBuildConfiguration;
			buildSettings = {
				ALWAYS_SEARCH_USER_PATHS = NO;
				CLANG_ANALYZER_NONNULL = YES;
				CLANG_ANALYZER_NUMBER_OBJECT_CONVERSION = YES_AGGRESSIVE;
				CLANG_CXX_LANGUAGE_STANDARD = "gnu++14";
				CLANG_CXX_LIBRARY = "libc++";
				CLANG_ENABLE_MODULES = YES;
				CLANG_ENABLE_OBJC_ARC = YES;
				CLANG_ENABLE_OBJC_WEAK = YES;
				CLANG_WARN_BLOCK_CAPTURE_AUTORELEASING = YES;
				CLANG_WARN_BOOL_CONVERSION = YES;
				CLANG_WARN_COMMA = YES;
				CLANG_WARN_CONSTANT_CONVERSION = YES;
				CLANG_WARN_DEPRECATED_OBJC_IMPLEMENTATIONS = YES;
				CLANG_WARN_DIRECT_OBJC_ISA_USAGE = YES_ERROR;
				CLANG_WARN_DOCUMENTATION_COMMENTS = YES;
				CLANG_WARN_EMPTY_BODY = YES;
				CLANG_WARN_ENUM_CONVERSION = YES;
				CLANG_WARN_INFINITE_RECURSION = YES;
				CLANG_WARN_INT_CONVERSION = YES;
				CLANG_WARN_NON_LITERAL_NULL_CONVERSION = YES;
				CLANG_WARN_OBJC_IMPLICIT_RETAIN_SELF = YES;
				CLANG_WARN_OBJC_LITERAL_CONVERSION = YES;
				CLANG_WARN_OBJC_ROOT_CLASS = YES_ERROR;
				CLANG_WARN_RANGE_LOOP_ANALYSIS = YES;
				CLANG_WARN_STRICT_PROTOTYPES = YES;
				CLANG_WARN_SUSPICIOUS_MOVE = YES;
				CLANG_WARN_UNGUARDED_AVAILABILITY = YES_AGGRESSIVE;
				CLANG_WARN_UNREACHABLE_CODE = YES;
				CLANG_WARN__DUPLICATE_METHOD_MATCH = YES;
				COPY_PHASE_STRIP = NO;
				DEBUG_INFORMATION_FORMAT = "dwarf-with-dsym";
				ENABLE_NS_ASSERTIONS = NO;
				ENABLE_STRICT_OBJC_MSGSEND = YES;
				GCC_C_LANGUAGE_STANDARD = gnu11;
				GCC_NO_COMMON_BLOCKS = YES;
				GCC_WARN_64_TO_32_BIT_CONVERSION = YES;
				GCC_WARN_ABOUT_RETURN_TYPE = YES_ERROR;
				GCC_WARN_UNDECLARED_SELECTOR = YES;
				GCC_WARN_UNINITIALIZED_AUTOS = YES_AGGRESSIVE;
				GCC_WARN_UNUSED_FUNCTION = YES;
				GCC_WARN_UNUSED_VARIABLE = YES;
				IPHONEOS_DEPLOYMENT_TARGET = 13.1;
				MTL_ENABLE_DEBUG_INFO = NO;
				MTL_FAST_MATH = YES;
				SDKROOT = iphoneos;
				SWIFT_COMPILATION_MODE = wholemodule;
				SWIFT_OPTIMIZATION_LEVEL = "-O";
				VALIDATE_PRODUCT = YES;
			};
			name = Release;
		};
		94FA20E0231BA2BD00EC1190 /* Debug */ = {
			isa = XCBuildConfiguration;
			buildSettings = {
				ASSETCATALOG_COMPILER_APPICON_NAME = AppIcon;
				CODE_SIGN_STYLE = Automatic;
				DEVELOPMENT_ASSET_PATHS = "\"Wishlist/Preview Content\"";
				DEVELOPMENT_TEAM = 8PMW33R44A;
				ENABLE_PREVIEWS = YES;
				INFOPLIST_FILE = Wishlist/Info.plist;
				IPHONEOS_DEPLOYMENT_TARGET = 13.1;
				LD_RUNPATH_SEARCH_PATHS = (
					"$(inherited)",
					"@executable_path/Frameworks",
				);
				PRODUCT_BUNDLE_IDENTIFIER = org.rypac.Wishlist;
				PRODUCT_NAME = "$(TARGET_NAME)";
				SWIFT_VERSION = 5.0;
				TARGETED_DEVICE_FAMILY = "1,2";
			};
			name = Debug;
		};
		94FA20E1231BA2BD00EC1190 /* Release */ = {
			isa = XCBuildConfiguration;
			buildSettings = {
				ASSETCATALOG_COMPILER_APPICON_NAME = AppIcon;
				CODE_SIGN_STYLE = Automatic;
				DEVELOPMENT_ASSET_PATHS = "\"Wishlist/Preview Content\"";
				DEVELOPMENT_TEAM = 8PMW33R44A;
				ENABLE_PREVIEWS = YES;
				INFOPLIST_FILE = Wishlist/Info.plist;
				IPHONEOS_DEPLOYMENT_TARGET = 13.1;
				LD_RUNPATH_SEARCH_PATHS = (
					"$(inherited)",
					"@executable_path/Frameworks",
				);
				PRODUCT_BUNDLE_IDENTIFIER = org.rypac.Wishlist;
				PRODUCT_NAME = "$(TARGET_NAME)";
				SWIFT_VERSION = 5.0;
				TARGETED_DEVICE_FAMILY = "1,2";
			};
			name = Release;
		};
/* End XCBuildConfiguration section */

/* Begin XCConfigurationList section */
		94FA20C6231BA2BC00EC1190 /* Build configuration list for PBXProject "Wishlist" */ = {
			isa = XCConfigurationList;
			buildConfigurations = (
				94FA20DD231BA2BD00EC1190 /* Debug */,
				94FA20DE231BA2BD00EC1190 /* Release */,
			);
			defaultConfigurationIsVisible = 0;
			defaultConfigurationName = Release;
		};
		94FA20DF231BA2BD00EC1190 /* Build configuration list for PBXNativeTarget "Wishlist" */ = {
			isa = XCConfigurationList;
			buildConfigurations = (
				94FA20E0231BA2BD00EC1190 /* Debug */,
				94FA20E1231BA2BD00EC1190 /* Release */,
			);
			defaultConfigurationIsVisible = 0;
			defaultConfigurationName = Release;
		};
/* End XCConfigurationList section */

/* Begin XCRemoteSwiftPackageReference section */
		94ECF1F6242CC6C000F09DA6 /* XCRemoteSwiftPackageReference "url-image" */ = {
			isa = XCRemoteSwiftPackageReference;
			repositoryURL = "https://github.com/dmytro-anokhin/url-image.git";
			requirement = {
				kind = upToNextMajorVersion;
				minimumVersion = 0.9.13;
			};
		};
/* End XCRemoteSwiftPackageReference section */

/* Begin XCSwiftPackageProductDependency section */
		945CB46023530B5E00DF3ABF /* UserDefaults */ = {
			isa = XCSwiftPackageProductDependency;
			productName = UserDefaults;
		};
		94ECF1F7242CC6C100F09DA6 /* URLImage */ = {
			isa = XCSwiftPackageProductDependency;
			package = 94ECF1F6242CC6C000F09DA6 /* XCRemoteSwiftPackageReference "url-image" */;
			productName = URLImage;
		};
/* End XCSwiftPackageProductDependency section */
	};
	rootObject = 94FA20C3231BA2BC00EC1190 /* Project object */;
}
